
Microsoft Visual Studio Solution File, Format Version 12.00
# Visual Studio 15
VisualStudioVersion = 15.0.27130.2010
MinimumVisualStudioVersion = 10.0.40219.1
Project("{FAE04EC0-301F-11D3-BF4B-00C04F79EFBC}") = "ConsoleRewrite", "ConsoleRewrite\ConsoleRewrite.csproj", "{137EB17F-6B4C-452A-A70C-C62B1BB175FC}"
EndProject
Global
	GlobalSection(SolutionConfigurationPlatforms) = preSolution
		Debug|Any CPU = Debug|Any CPU
		Release|Any CPU = Release|Any CPU
	EndGlobalSection
	GlobalSection(ProjectConfigurationPlatforms) = postSolution
		{137EB17F-6B4C-452A-A70C-C62B1BB175FC}.Debug|Any CPU.ActiveCfg = Debug|Any CPU
		{137EB17F-6B4C-452A-A70C-C62B1BB175FC}.Debug|Any CPU.Build.0 = Debug|Any CPU
		{137EB17F-6B4C-452A-A70C-C62B1BB175FC}.Release|Any CPU.ActiveCfg = Release|Any CPU
		{137EB17F-6B4C-452A-A70C-C62B1BB175FC}.Release|Any CPU.Build.0 = Release|Any CPU
	EndGlobalSection
	GlobalSection(SolutionProperties) = preSolution
		HideSolutionNode = FALSE
	EndGlobalSection
	GlobalSection(ExtensibilityGlobals) = postSolution
		SolutionGuid = {A71207E5-A076-49CE-8B01-169B1F91CEE4}
	EndGlobalSection
EndGlobal
